
Microsoft Visual Studio Solution File, Format Version 12.00
# Visual Studio 15
VisualStudioVersion = 15.0.28307.168
MinimumVisualStudioVersion = 10.0.40219.1
Project("{FAE04EC0-301F-11D3-BF4B-00C04F79EFBC}") = "Github1", "Github1\Github1.csproj", "{1180D564-9D87-41B7-B76A-F9102B7DC119}"
EndProject
Global
	GlobalSection(SolutionConfigurationPlatforms) = preSolution
		Debug|Any CPU = Debug|Any CPU
		Release|Any CPU = Release|Any CPU
	EndGlobalSection
	GlobalSection(ProjectConfigurationPlatforms) = postSolution
		{1180D564-9D87-41B7-B76A-F9102B7DC119}.Debug|Any CPU.ActiveCfg = Debug|Any CPU
		{1180D564-9D87-41B7-B76A-F9102B7DC119}.Debug|Any CPU.Build.0 = Debug|Any CPU
		{1180D564-9D87-41B7-B76A-F9102B7DC119}.Release|Any CPU.ActiveCfg = Release|Any CPU
		{1180D564-9D87-41B7-B76A-F9102B7DC119}.Release|Any CPU.Build.0 = Release|Any CPU
	EndGlobalSection
	GlobalSection(SolutionProperties) = preSolution
		HideSolutionNode = FALSE
	EndGlobalSection
	GlobalSection(ExtensibilityGlobals) = postSolution
		SolutionGuid = {1A11A334-F3F3-418A-8C4C-BB493CCEF178}
	EndGlobalSection
EndGlobal
